
Microsoft Visual Studio Solution File, Format Version 12.00
# Visual Studio Version 17
VisualStudioVersion = 17.11.35327.3
MinimumVisualStudioVersion = 10.0.40219.1
Project("{FAE04EC0-301F-11D3-BF4B-00C04F79EFBC}") = "Lab3-1", "Lab3-1\Lab3-1.csproj", "{B3F20AB4-93E9-4BD5-B175-6932F7F969A6}"
EndProject
Global
	GlobalSection(SolutionConfigurationPlatforms) = preSolution
		Debug|Any CPU = Debug|Any CPU
		Release|Any CPU = Release|Any CPU
	EndGlobalSection
	GlobalSection(ProjectConfigurationPlatforms) = postSolution
		{B3F20AB4-93E9-4BD5-B175-6932F7F969A6}.Debug|Any CPU.ActiveCfg = Debug|Any CPU
		{B3F20AB4-93E9-4BD5-B175-6932F7F969A6}.Debug|Any CPU.Build.0 = Debug|Any CPU
		{B3F20AB4-93E9-4BD5-B175-6932F7F969A6}.Release|Any CPU.ActiveCfg = Release|Any CPU
		{B3F20AB4-93E9-4BD5-B175-6932F7F969A6}.Release|Any CPU.Build.0 = Release|Any CPU
	EndGlobalSection
	GlobalSection(SolutionProperties) = preSolution
		HideSolutionNode = FALSE
	EndGlobalSection
	GlobalSection(ExtensibilityGlobals) = postSolution
		SolutionGuid = {D26FC5BD-AA9C-46B0-B8A6-CF0C399F3CDD}
	EndGlobalSection
EndGlobal
